
Microsoft Visual Studio Solution File, Format Version 12.00
# Visual Studio Version 17
VisualStudioVersion = 17.6.33829.357
MinimumVisualStudioVersion = 10.0.40219.1
Project("{9A19103F-16F7-4668-BE54-9A1E7A4F7556}") = "DesafioPOO", "DesafioPOO.csproj", "{EDA6C8C1-B3B6-4D4C-8BCF-46423E0911DE}"
EndProject
Global
	GlobalSection(SolutionConfigurationPlatforms) = preSolution
		Debug|Any CPU = Debug|Any CPU
		Release|Any CPU = Release|Any CPU
	EndGlobalSection
	GlobalSection(ProjectConfigurationPlatforms) = postSolution
		{EDA6C8C1-B3B6-4D4C-8BCF-46423E0911DE}.Debug|Any CPU.ActiveCfg = Debug|Any CPU
		{EDA6C8C1-B3B6-4D4C-8BCF-46423E0911DE}.Debug|Any CPU.Build.0 = Debug|Any CPU
		{EDA6C8C1-B3B6-4D4C-8BCF-46423E0911DE}.Release|Any CPU.ActiveCfg = Release|Any CPU
		{EDA6C8C1-B3B6-4D4C-8BCF-46423E0911DE}.Release|Any CPU.Build.0 = Release|Any CPU
	EndGlobalSection
	GlobalSection(SolutionProperties) = preSolution
		HideSolutionNode = FALSE
	EndGlobalSection
	GlobalSection(ExtensibilityGlobals) = postSolution
		SolutionGuid = {11D84E46-972D-403B-9055-1749D65F101F}
	EndGlobalSection
EndGlobal
